
Microsoft Visual Studio Solution File, Format Version 12.00
# Visual Studio Version 17
VisualStudioVersion = 17.9.34607.119
MinimumVisualStudioVersion = 10.0.40219.1
Project("{FAE04EC0-301F-11D3-BF4B-00C04F79EFBC}") = "ReflectionExample", "ReflectionExample.csproj", "{1BC0E087-FA6F-4406-B3CE-46B5F045C0B0}"
EndProject
Project("{2150E333-8FDC-42A3-9474-1A3956D46DE8}") = "ExampleApi", "ExampleApi", "{55A6C008-B373-4645-91C0-DDE9A22CE8BD}"
EndProject
Project("{FAE04EC0-301F-11D3-BF4B-00C04F79EFBC}") = "ReflectionExample.Api", "..\ReflectionExample.Api\ReflectionExample.Api.csproj", "{DB382D79-1BAB-428A-B5D2-9E29C62638FF}"
EndProject
Project("{FAE04EC0-301F-11D3-BF4B-00C04F79EFBC}") = "ReflectionExample.Handlers", "..\ReflectionExample.Handlers\ReflectionExample.Handlers.csproj", "{7A686A16-9D96-47BA-9F20-89451F4E9FB7}"
EndProject
Global
	GlobalSection(SolutionConfigurationPlatforms) = preSolution
		Debug|Any CPU = Debug|Any CPU
		Release|Any CPU = Release|Any CPU
	EndGlobalSection
	GlobalSection(ProjectConfigurationPlatforms) = postSolution
		{1BC0E087-FA6F-4406-B3CE-46B5F045C0B0}.Debug|Any CPU.ActiveCfg = Debug|Any CPU
		{1BC0E087-FA6F-4406-B3CE-46B5F045C0B0}.Debug|Any CPU.Build.0 = Debug|Any CPU
		{1BC0E087-FA6F-4406-B3CE-46B5F045C0B0}.Release|Any CPU.ActiveCfg = Release|Any CPU
		{1BC0E087-FA6F-4406-B3CE-46B5F045C0B0}.Release|Any CPU.Build.0 = Release|Any CPU
		{DB382D79-1BAB-428A-B5D2-9E29C62638FF}.Debug|Any CPU.ActiveCfg = Debug|Any CPU
		{DB382D79-1BAB-428A-B5D2-9E29C62638FF}.Debug|Any CPU.Build.0 = Debug|Any CPU
		{DB382D79-1BAB-428A-B5D2-9E29C62638FF}.Release|Any CPU.ActiveCfg = Release|Any CPU
		{DB382D79-1BAB-428A-B5D2-9E29C62638FF}.Release|Any CPU.Build.0 = Release|Any CPU
		{7A686A16-9D96-47BA-9F20-89451F4E9FB7}.Debug|Any CPU.ActiveCfg = Debug|Any CPU
		{7A686A16-9D96-47BA-9F20-89451F4E9FB7}.Debug|Any CPU.Build.0 = Debug|Any CPU
		{7A686A16-9D96-47BA-9F20-89451F4E9FB7}.Release|Any CPU.ActiveCfg = Release|Any CPU
		{7A686A16-9D96-47BA-9F20-89451F4E9FB7}.Release|Any CPU.Build.0 = Release|Any CPU
	EndGlobalSection
	GlobalSection(SolutionProperties) = preSolution
		HideSolutionNode = FALSE
	EndGlobalSection
	GlobalSection(NestedProjects) = preSolution
		{DB382D79-1BAB-428A-B5D2-9E29C62638FF} = {55A6C008-B373-4645-91C0-DDE9A22CE8BD}
		{7A686A16-9D96-47BA-9F20-89451F4E9FB7} = {55A6C008-B373-4645-91C0-DDE9A22CE8BD}
	EndGlobalSection
	GlobalSection(ExtensibilityGlobals) = postSolution
		SolutionGuid = {16EEDADF-33EB-4A85-BB82-F7B185974316}
	EndGlobalSection
EndGlobal
